
Microsoft Visual Studio Solution File, Format Version 12.00
# Visual Studio Version 17
VisualStudioVersion = 17.0.32112.339
MinimumVisualStudioVersion = 10.0.40219.1
Project("{FAE04EC0-301F-11D3-BF4B-00C04F79EFBC}") = "PhoneNumberValidator", "PhoneNumberValidator\PhoneNumberValidator.csproj", "{57CD59D3-5EB8-4D63-BBC1-50EB99FED2DC}"
EndProject
Project("{FAE04EC0-301F-11D3-BF4B-00C04F79EFBC}") = "PhoneNumberValidatorTests", "PhoneNumberValidatorTests\PhoneNumberValidatorTests.csproj", "{45F46179-7ACF-4CFC-BEC2-6B2B9CDAC16D}"
EndProject
Global
	GlobalSection(SolutionConfigurationPlatforms) = preSolution
		Debug|Any CPU = Debug|Any CPU
		Release|Any CPU = Release|Any CPU
	EndGlobalSection
	GlobalSection(ProjectConfigurationPlatforms) = postSolution
		{57CD59D3-5EB8-4D63-BBC1-50EB99FED2DC}.Debug|Any CPU.ActiveCfg = Debug|Any CPU
		{57CD59D3-5EB8-4D63-BBC1-50EB99FED2DC}.Debug|Any CPU.Build.0 = Debug|Any CPU
		{57CD59D3-5EB8-4D63-BBC1-50EB99FED2DC}.Release|Any CPU.ActiveCfg = Release|Any CPU
		{57CD59D3-5EB8-4D63-BBC1-50EB99FED2DC}.Release|Any CPU.Build.0 = Release|Any CPU
		{45F46179-7ACF-4CFC-BEC2-6B2B9CDAC16D}.Debug|Any CPU.ActiveCfg = Debug|Any CPU
		{45F46179-7ACF-4CFC-BEC2-6B2B9CDAC16D}.Debug|Any CPU.Build.0 = Debug|Any CPU
		{45F46179-7ACF-4CFC-BEC2-6B2B9CDAC16D}.Release|Any CPU.ActiveCfg = Release|Any CPU
		{45F46179-7ACF-4CFC-BEC2-6B2B9CDAC16D}.Release|Any CPU.Build.0 = Release|Any CPU
	EndGlobalSection
	GlobalSection(SolutionProperties) = preSolution
		HideSolutionNode = FALSE
	EndGlobalSection
	GlobalSection(ExtensibilityGlobals) = postSolution
		SolutionGuid = {DA1E8D79-55AC-4C4B-A029-F00DD16C0FBF}
	EndGlobalSection
EndGlobal
